
Microsoft Visual Studio Solution File, Format Version 12.00
# Visual Studio 15
VisualStudioVersion = 15.0.28010.2046
MinimumVisualStudioVersion = 10.0.40219.1
Project("{FAE04EC0-301F-11D3-BF4B-00C04F79EFBC}") = "AdventOfCode2018", "src\AdventOfCode2018.csproj", "{2C767057-8406-4442-A3FB-D093BD09A746}"
EndProject
Project("{FAE04EC0-301F-11D3-BF4B-00C04F79EFBC}") = "Tests", "testing\Tests\Tests.csproj", "{629EACED-627E-49E5-BB74-412FF411B5EC}"
EndProject
Global
	GlobalSection(SolutionConfigurationPlatforms) = preSolution
		Debug|Any CPU = Debug|Any CPU
		Release|Any CPU = Release|Any CPU
	EndGlobalSection
	GlobalSection(ProjectConfigurationPlatforms) = postSolution
		{2C767057-8406-4442-A3FB-D093BD09A746}.Debug|Any CPU.ActiveCfg = Debug|Any CPU
		{2C767057-8406-4442-A3FB-D093BD09A746}.Debug|Any CPU.Build.0 = Debug|Any CPU
		{2C767057-8406-4442-A3FB-D093BD09A746}.Release|Any CPU.ActiveCfg = Release|Any CPU
		{2C767057-8406-4442-A3FB-D093BD09A746}.Release|Any CPU.Build.0 = Release|Any CPU
		{629EACED-627E-49E5-BB74-412FF411B5EC}.Debug|Any CPU.ActiveCfg = Debug|Any CPU
		{629EACED-627E-49E5-BB74-412FF411B5EC}.Debug|Any CPU.Build.0 = Debug|Any CPU
		{629EACED-627E-49E5-BB74-412FF411B5EC}.Release|Any CPU.ActiveCfg = Release|Any CPU
		{629EACED-627E-49E5-BB74-412FF411B5EC}.Release|Any CPU.Build.0 = Release|Any CPU
	EndGlobalSection
	GlobalSection(SolutionProperties) = preSolution
		HideSolutionNode = FALSE
	EndGlobalSection
	GlobalSection(ExtensibilityGlobals) = postSolution
		SolutionGuid = {2CFEFADD-E58A-49B8-8087-B53E7D8B8A66}
	EndGlobalSection
EndGlobal
